// !$*UTF8*$!
{
	archiveVersion = 1;
	classes = {
	};
	objectVersion = 77;
	objects = {

/* Begin PBXContainerItemProxy section */
		C32BF6EC2D22AFF000FDA621 /* PBXContainerItemProxy */ = {
			isa = PBXContainerItemProxy;
			containerPortal = C32BF6CD2D22AFEE00FDA621 /* Project object */;
			proxyType = 1;
			remoteGlobalIDString = C32BF6D42D22AFEE00FDA621;
			remoteInfo = PassingDataByNotificationCenter;
		};
		C32BF6F62D22AFF000FDA621 /* PBXContainerItemProxy */ = {
			isa = PBXContainerItemProxy;
			containerPortal = C32BF6CD2D22AFEE00FDA621 /* Project object */;
			proxyType = 1;
			remoteGlobalIDString = C32BF6D42D22AFEE00FDA621;
			remoteInfo = PassingDataByNotificationCenter;
		};
/* End PBXContainerItemProxy section */

/* Begin PBXFileReference section */
		C32BF6D52D22AFEE00FDA621 /* PassingDataByNotificationCenter.app */ = {isa = PBXFileReference; explicitFileType = wrapper.application; includeInIndex = 0; path = PassingDataByNotificationCenter.app; sourceTree = BUILT_PRODUCTS_DIR; };
		C32BF6EB2D22AFF000FDA621 /* PassingDataByNotificationCenterTests.xctest */ = {isa = PBXFileReference; explicitFileType = wrapper.cfbundle; includeInIndex = 0; path = PassingDataByNotificationCenterTests.xctest; sourceTree = BUILT_PRODUCTS_DIR; };
		C32BF6F52D22AFF000FDA621 /* PassingDataByNotificationCenterUITests.xctest */ = {isa = PBXFileReference; explicitFileType = wrapper.cfbundle; includeInIndex = 0; path = PassingDataByNotificationCenterUITests.xctest; sourceTree = BUILT_PRODUCTS_DIR; };
/* End PBXFileReference section */

/* Begin PBXFileSystemSynchronizedBuildFileExceptionSet section */
		C32BF6FD2D22AFF000FDA621 /* Exceptions for "PassingDataByNotificationCenter" folder in "PassingDataByNotificationCenter" target */ = {
			isa = PBXFileSystemSynchronizedBuildFileExceptionSet;
			membershipExceptions = (
				Info.plist,
			);
			target = C32BF6D42D22AFEE00FDA621 /* PassingDataByNotificationCenter */;
		};
/* End PBXFileSystemSynchronizedBuildFileExceptionSet section */

/* Begin PBXFileSystemSynchronizedRootGroup section */
		C32BF6D72D22AFEE00FDA621 /* PassingDataByNotificationCenter */ = {
			isa = PBXFileSystemSynchronizedRootGroup;
			exceptions = (
				C32BF6FD2D22AFF000FDA621 /* Exceptions for "PassingDataByNotificationCenter" folder in "PassingDataByNotificationCenter" target */,
			);
			path = PassingDataByNotificationCenter;
			sourceTree = "<group>";
		};
		C32BF6EE2D22AFF000FDA621 /* PassingDataByNotificationCenterTests */ = {
			isa = PBXFileSystemSynchronizedRootGroup;
			path = PassingDataByNotificationCenterTests;
			sourceTree = "<group>";
		};
		C32BF6F82D22AFF000FDA621 /* PassingDataByNotificationCenterUITests */ = {
			isa = PBXFileSystemSynchronizedRootGroup;
			path = PassingDataByNotificationCenterUITests;
			sourceTree = "<group>";
		};
/* End PBXFileSystemSynchronizedRootGroup section */

/* Begin PBXFrameworksBuildPhase section */
		C32BF6D22D22AFEE00FDA621 /* Frameworks */ = {
			isa = PBXFrameworksBuildPhase;
			buildActionMask = 2147483647;
			files = (
			);
			runOnlyForDeploymentPostprocessing = 0;
		};
		C32BF6E82D22AFF000FDA621 /* Frameworks */ = {
			isa = PBXFrameworksBuildPhase;
			buildActionMask = 2147483647;
			files = (
			);
			runOnlyForDeploymentPostprocessing = 0;
		};
		C32BF6F22D22AFF000FDA621 /* Frameworks */ = {
			isa = PBXFrameworksBuildPhase;
			buildActionMask = 2147483647;
			files = (
			);
			runOnlyForDeploymentPostprocessing = 0;
		};
/* End PBXFrameworksBuildPhase section */

/* Begin PBXGroup section */
		C32BF6CC2D22AFEE00FDA621 = {
			isa = PBXGroup;
			children = (
				C32BF6D72D22AFEE00FDA621 /* PassingDataByNotificationCenter */,
				C32BF6EE2D22AFF000FDA621 /* PassingDataByNotificationCenterTests */,
				C32BF6F82D22AFF000FDA621 /* PassingDataByNotificationCenterUITests */,
				C32BF6D62D22AFEE00FDA621 /* Products */,
			);
			sourceTree = "<group>";
		};
		C32BF6D62D22AFEE00FDA621 /* Products */ = {
			isa = PBXGroup;
			children = (
				C32BF6D52D22AFEE00FDA621 /* PassingDataByNotificationCenter.app */,
				C32BF6EB2D22AFF000FDA621 /* PassingDataByNotificationCenterTests.xctest */,
				C32BF6F52D22AFF000FDA621 /* PassingDataByNotificationCenterUITests.xctest */,
			);
			name = Products;
			sourceTree = "<group>";
		};
/* End PBXGroup section */

/* Begin PBXNativeTarget section */
		C32BF6D42D22AFEE00FDA621 /* PassingDataByNotificationCenter */ = {
			isa = PBXNativeTarget;
			buildConfigurationList = C32BF6FE2D22AFF000FDA621 /* Build configuration list for PBXNativeTarget "PassingDataByNotificationCenter" */;
			buildPhases = (
				C32BF6D12D22AFEE00FDA621 /* Sources */,
				C32BF6D22D22AFEE00FDA621 /* Frameworks */,
				C32BF6D32D22AFEE00FDA621 /* Resources */,
			);
			buildRules = (
			);
			dependencies = (
			);
			fileSystemSynchronizedGroups = (
				C32BF6D72D22AFEE00FDA621 /* PassingDataByNotificationCenter */,
			);
			name = PassingDataByNotificationCenter;
			packageProductDependencies = (
			);
			productName = PassingDataByNotificationCenter;
			productReference = C32BF6D52D22AFEE00FDA621 /* PassingDataByNotificationCenter.app */;
			productType = "com.apple.product-type.application";
		};
		C32BF6EA2D22AFF000FDA621 /* PassingDataByNotificationCenterTests */ = {
			isa = PBXNativeTarget;
			buildConfigurationList = C32BF7032D22AFF000FDA621 /* Build configuration list for PBXNativeTarget "PassingDataByNotificationCenterTests" */;
			buildPhases = (
				C32BF6E72D22AFF000FDA621 /* Sources */,
				C32BF6E82D22AFF000FDA621 /* Frameworks */,
				C32BF6E92D22AFF000FDA621 /* Resources */,
			);
			buildRules = (
			);
			dependencies = (
				C32BF6ED2D22AFF000FDA621 /* PBXTargetDependency */,
			);
			fileSystemSynchronizedGroups = (
				C32BF6EE2D22AFF000FDA621 /* PassingDataByNotificationCenterTests */,
			);
			name = PassingDataByNotificationCenterTests;
			packageProductDependencies = (
			);
			productName = PassingDataByNotificationCenterTests;
			productReference = C32BF6EB2D22AFF000FDA621 /* PassingDataByNotificationCenterTests.xctest */;
			productType = "com.apple.product-type.bundle.unit-test";
		};
		C32BF6F42D22AFF000FDA621 /* PassingDataByNotificationCenterUITests */ = {
			isa = PBXNativeTarget;
			buildConfigurationList = C32BF7062D22AFF000FDA621 /* Build configuration list for PBXNativeTarget "PassingDataByNotificationCenterUITests" */;
			buildPhases = (
				C32BF6F12D22AFF000FDA621 /* Sources */,
				C32BF6F22D22AFF000FDA621 /* Frameworks */,
				C32BF6F32D22AFF000FDA621 /* Resources */,
			);
			buildRules = (
			);
			dependencies = (
				C32BF6F72D22AFF000FDA621 /* PBXTargetDependency */,
			);
			fileSystemSynchronizedGroups = (
				C32BF6F82D22AFF000FDA621 /* PassingDataByNotificationCenterUITests */,
			);
			name = PassingDataByNotificationCenterUITests;
			packageProductDependencies = (
			);
			productName = PassingDataByNotificationCenterUITests;
			productReference = C32BF6F52D22AFF000FDA621 /* PassingDataByNotificationCenterUITests.xctest */;
			productType = "com.apple.product-type.bundle.ui-testing";
		};
/* End PBXNativeTarget section */

/* Begin PBXProject section */
		C32BF6CD2D22AFEE00FDA621 /* Project object */ = {
			isa = PBXProject;
			attributes = {
				BuildIndependentTargetsInParallel = 1;
				LastSwiftUpdateCheck = 1620;
				LastUpgradeCheck = 1620;
				TargetAttributes = {
					C32BF6D42D22AFEE00FDA621 = {
						CreatedOnToolsVersion = 16.2;
					};
					C32BF6EA2D22AFF000FDA621 = {
						CreatedOnToolsVersion = 16.2;
						TestTargetID = C32BF6D42D22AFEE00FDA621;
					};
					C32BF6F42D22AFF000FDA621 = {
						CreatedOnToolsVersion = 16.2;
						TestTargetID = C32BF6D42D22AFEE00FDA621;
					};
				};
			};
			buildConfigurationList = C32BF6D02D22AFEE00FDA621 /* Build configuration list for PBXProject "PassingDataByNotificationCenter" */;
			developmentRegion = en;
			hasScannedForEncodings = 0;
			knownRegions = (
				en,
				Base,
			);
			mainGroup = C32BF6CC2D22AFEE00FDA621;
			minimizedProjectReferenceProxies = 1;
			preferredProjectObjectVersion = 77;
			productRefGroup = C32BF6D62D22AFEE00FDA621 /* Products */;
			projectDirPath = "";
			projectRoot = "";
			targets = (
				C32BF6D42D22AFEE00FDA621 /* PassingDataByNotificationCenter */,
				C32BF6EA2D22AFF000FDA621 /* PassingDataByNotificationCenterTests */,
				C32BF6F42D22AFF000FDA621 /* PassingDataByNotificationCenterUITests */,
			);
		};
/* End PBXProject section */

/* Begin PBXResourcesBuildPhase section */
		C32BF6D32D22AFEE00FDA621 /* Resources */ = {
			isa = PBXResourcesBuildPhase;
			buildActionMask = 2147483647;
			files = (
			);
			runOnlyForDeploymentPostprocessing = 0;
		};
		C32BF6E92D22AFF000FDA621 /* Resources */ = {
			isa = PBXResourcesBuildPhase;
			buildActionMask = 2147483647;
			files = (
			);
			runOnlyForDeploymentPostprocessing = 0;
		};
		C32BF6F32D22AFF000FDA621 /* Resources */ = {
			isa = PBXResourcesBuildPhase;
			buildActionMask = 2147483647;
			files = (
			);
			runOnlyForDeploymentPostprocessing = 0;
		};
/* End PBXResourcesBuildPhase section */

/* Begin PBXSourcesBuildPhase section */
		C32BF6D12D22AFEE00FDA621 /* Sources */ = {
			isa = PBXSourcesBuildPhase;
			buildActionMask = 2147483647;
			files = (
			);
			runOnlyForDeploymentPostprocessing = 0;
		};
		C32BF6E72D22AFF000FDA621 /* Sources */ = {
			isa = PBXSourcesBuildPhase;
			buildActionMask = 2147483647;
			files = (
			);
			runOnlyForDeploymentPostprocessing = 0;
		};
		C32BF6F12D22AFF000FDA621 /* Sources */ = {
			isa = PBXSourcesBuildPhase;
			buildActionMask = 2147483647;
			files = (
			);
			runOnlyForDeploymentPostprocessing = 0;
		};
/* End PBXSourcesBuildPhase section */

/* Begin PBXTargetDependency section */
		C32BF6ED2D22AFF000FDA621 /* PBXTargetDependency */ = {
			isa = PBXTargetDependency;
			target = C32BF6D42D22AFEE00FDA621 /* PassingDataByNotificationCenter */;
			targetProxy = C32BF6EC2D22AFF000FDA621 /* PBXContainerItemProxy */;
		};
		C32BF6F72D22AFF000FDA621 /* PBXTargetDependency */ = {
			isa = PBXTargetDependency;
			target = C32BF6D42D22AFEE00FDA621 /* PassingDataByNotificationCenter */;
			targetProxy = C32BF6F62D22AFF000FDA621 /* PBXContainerItemProxy */;
		};
/* End PBXTargetDependency section */

/* Begin XCBuildConfiguration section */
		C32BF6FF2D22AFF000FDA621 /* Debug */ = {
			isa = XCBuildConfiguration;
			buildSettings = {
				ASSETCATALOG_COMPILER_APPICON_NAME = AppIcon;
				ASSETCATALOG_COMPILER_GLOBAL_ACCENT_COLOR_NAME = AccentColor;
				CODE_SIGN_STYLE = Automatic;
				CURRENT_PROJECT_VERSION = 1;
				GENERATE_INFOPLIST_FILE = YES;
				INFOPLIST_FILE = PassingDataByNotificationCenter/Info.plist;
				INFOPLIST_KEY_UIApplicationSupportsIndirectInputEvents = YES;
				INFOPLIST_KEY_UILaunchStoryboardName = LaunchScreen;
				INFOPLIST_KEY_UIMainStoryboardFile = Main;
				INFOPLIST_KEY_UISupportedInterfaceOrientations_iPad = "UIInterfaceOrientationPortrait UIInterfaceOrientationPortraitUpsideDown UIInterfaceOrientationLandscapeLeft UIInterfaceOrientationLandscapeRight";
				INFOPLIST_KEY_UISupportedInterfaceOrientations_iPhone = "UIInterfaceOrientationPortrait UIInterfaceOrientationLandscapeLeft UIInterfaceOrientationLandscapeRight";
				LD_RUNPATH_SEARCH_PATHS = (
					"$(inherited)",
					"@executable_path/Frameworks",
				);
				MARKETING_VERSION = 1.0;
				PRODUCT_BUNDLE_IDENTIFIER = com.yahya.PassingDataByNotificationCenter;
				PRODUCT_NAME = "$(TARGET_NAME)";
				SWIFT_EMIT_LOC_STRINGS = YES;
				SWIFT_VERSION = 5.0;
				TARGETED_DEVICE_FAMILY = "1,2";
			};
			name = Debug;
		};
		C32BF7002D22AFF000FDA621 /* Release */ = {
			isa = XCBuildConfiguration;
			buildSettings = {
				ASSETCATALOG_COMPILER_APPICON_NAME = AppIcon;
				ASSETCATALOG_COMPILER_GLOBAL_ACCENT_COLOR_NAME = AccentColor;
				CODE_SIGN_STYLE = Automatic;
				CURRENT_PROJECT_VERSION = 1;
				GENERATE_INFOPLIST_FILE = YES;
				INFOPLIST_FILE = PassingDataByNotificationCenter/Info.plist;
				INFOPLIST_KEY_UIApplicationSupportsIndirectInputEvents = YES;
				INFOPLIST_KEY_UILaunchStoryboardName = LaunchScreen;
				INFOPLIST_KEY_UIMainStoryboardFile = Main;
				INFOPLIST_KEY_UISupportedInterfaceOrientations_iPad = "UIInterfaceOrientationPortrait UIInterfaceOrientationPortraitUpsideDown UIInterfaceOrientationLandscapeLeft UIInterfaceOrientationLandscapeRight";
				INFOPLIST_KEY_UISupportedInterfaceOrientations_iPhone = "UIInterfaceOrientationPortrait UIInterfaceOrientationLandscapeLeft UIInterfaceOrientationLandscapeRight";
				LD_RUNPATH_SEARCH_PATHS = (
					"$(inherited)",
					"@executable_path/Frameworks",
				);
				MARKETING_VERSION = 1.0;
				PRODUCT_BUNDLE_IDENTIFIER = com.yahya.PassingDataByNotificationCenter;
				PRODUCT_NAME = "$(TARGET_NAME)";
				SWIFT_EMIT_LOC_STRINGS = YES;
				SWIFT_VERSION = 5.0;
				TARGETED_DEVICE_FAMILY = "1,2";
			};
			name = Release;
		};
		C32BF7012D22AFF000FDA621 /* Debug */ = {
			isa = XCBuildConfiguration;
			buildSettings = {
				ALWAYS_SEARCH_USER_PATHS = NO;
				ASSETCATALOG_COMPILER_GENERATE_SWIFT_ASSET_SYMBOL_EXTENSIONS = YES;
				CLANG_ANALYZER_NONNULL = YES;
				CLANG_ANALYZER_NUMBER_OBJECT_CONVERSION = YES_AGGRESSIVE;
				CLANG_CXX_LANGUAGE_STANDARD = "gnu++20";
				CLANG_ENABLE_MODULES = YES;
				CLANG_ENABLE_OBJC_ARC = YES;
				CLANG_ENABLE_OBJC_WEAK = YES;
				CLANG_WARN_BLOCK_CAPTURE_AUTORELEASING = YES;
				CLANG_WARN_BOOL_CONVERSION = YES;
				CLANG_WARN_COMMA = YES;
				CLANG_WARN_CONSTANT_CONVERSION = YES;
				CLANG_WARN_DEPRECATED_OBJC_IMPLEMENTATIONS = YES;
				CLANG_WARN_DIRECT_OBJC_ISA_USAGE = YES_ERROR;
				CLANG_WARN_DOCUMENTATION_COMMENTS = YES;
				CLANG_WARN_EMPTY_BODY = YES;
				CLANG_WARN_ENUM_CONVERSION = YES;
				CLANG_WARN_INFINITE_RECURSION = YES;
				CLANG_WARN_INT_CONVERSION = YES;
				CLANG_WARN_NON_LITERAL_NULL_CONVERSION = YES;
				CLANG_WARN_OBJC_IMPLICIT_RETAIN_SELF = YES;
				CLANG_WARN_OBJC_LITERAL_CONVERSION = YES;
				CLANG_WARN_OBJC_ROOT_CLASS = YES_ERROR;
				CLANG_WARN_QUOTED_INCLUDE_IN_FRAMEWORK_HEADER = YES;
				CLANG_WARN_RANGE_LOOP_ANALYSIS = YES;
				CLANG_WARN_STRICT_PROTOTYPES = YES;
				CLANG_WARN_SUSPICIOUS_MOVE = YES;
				CLANG_WARN_UNGUARDED_AVAILABILITY = YES_AGGRESSIVE;
				CLANG_WARN_UNREACHABLE_CODE = YES;
				CLANG_WARN__DUPLICATE_METHOD_MATCH = YES;
				COPY_PHASE_STRIP = NO;
				DEBUG_INFORMATION_FORMAT = dwarf;
				ENABLE_STRICT_OBJC_MSGSEND = YES;
				ENABLE_TESTABILITY = YES;
				ENABLE_USER_SCRIPT_SANDBOXING = YES;
				GCC_C_LANGUAGE_STANDARD = gnu17;
				GCC_DYNAMIC_NO_PIC = NO;
				GCC_NO_COMMON_BLOCKS = YES;
				GCC_OPTIMIZATION_LEVEL = 0;
				GCC_PREPROCESSOR_DEFINITIONS = (
					"DEBUG=1",
					"$(inherited)",
				);
				GCC_WARN_64_TO_32_BIT_CONVERSION = YES;
				GCC_WARN_ABOUT_RETURN_TYPE = YES_ERROR;
				GCC_WARN_UNDECLARED_SELECTOR = YES;
				GCC_WARN_UNINITIALIZED_AUTOS = YES_AGGRESSIVE;
				GCC_WARN_UNUSED_FUNCTION = YES;
				GCC_WARN_UNUSED_VARIABLE = YES;
				IPHONEOS_DEPLOYMENT_TARGET = 18.2;
				LOCALIZATION_PREFERS_STRING_CATALOGS = YES;
				MTL_ENABLE_DEBUG_INFO = INCLUDE_SOURCE;
				MTL_FAST_MATH = YES;
				ONLY_ACTIVE_ARCH = YES;
				SDKROOT = iphoneos;
				SWIFT_ACTIVE_COMPILATION_CONDITIONS = "DEBUG $(inherited)";
				SWIFT_OPTIMIZATION_LEVEL = "-Onone";
			};
			name = Debug;
		};
		C32BF7022D22AFF000FDA621 /* Release */ = {
			isa = XCBuildConfiguration;
			buildSettings = {
				ALWAYS_SEARCH_USER_PATHS = NO;
				ASSETCATALOG_COMPILER_GENERATE_SWIFT_ASSET_SYMBOL_EXTENSIONS = YES;
				CLANG_ANALYZER_NONNULL = YES;
				CLANG_ANALYZER_NUMBER_OBJECT_CONVERSION = YES_AGGRESSIVE;
				CLANG_CXX_LANGUAGE_STANDARD = "gnu++20";
				CLANG_ENABLE_MODULES = YES;
				CLANG_ENABLE_OBJC_ARC = YES;
				CLANG_ENABLE_OBJC_WEAK = YES;
				CLANG_WARN_BLOCK_CAPTURE_AUTORELEASING = YES;
				CLANG_WARN_BOOL_CONVERSION = YES;
				CLANG_WARN_COMMA = YES;
				CLANG_WARN_CONSTANT_CONVERSION = YES;
				CLANG_WARN_DEPRECATED_OBJC_IMPLEMENTATIONS = YES;
				CLANG_WARN_DIRECT_OBJC_ISA_USAGE = YES_ERROR;
				CLANG_WARN_DOCUMENTATION_COMMENTS = YES;
				CLANG_WARN_EMPTY_BODY = YES;
				CLANG_WARN_ENUM_CONVERSION = YES;
				CLANG_WARN_INFINITE_RECURSION = YES;
				CLANG_WARN_INT_CONVERSION = YES;
				CLANG_WARN_NON_LITERAL_NULL_CONVERSION = YES;
				CLANG_WARN_OBJC_IMPLICIT_RETAIN_SELF = YES;
				CLANG_WARN_OBJC_LITERAL_CONVERSION = YES;
				CLANG_WARN_OBJC_ROOT_CLASS = YES_ERROR;
				CLANG_WARN_QUOTED_INCLUDE_IN_FRAMEWORK_HEADER = YES;
				CLANG_WARN_RANGE_LOOP_ANALYSIS = YES;
				CLANG_WARN_STRICT_PROTOTYPES = YES;
				CLANG_WARN_SUSPICIOUS_MOVE = YES;
				CLANG_WARN_UNGUARDED_AVAILABILITY = YES_AGGRESSIVE;
				CLANG_WARN_UNREACHABLE_CODE = YES;
				CLANG_WARN__DUPLICATE_METHOD_MATCH = YES;
				COPY_PHASE_STRIP = NO;
				DEBUG_INFORMATION_FORMAT = "dwarf-with-dsym";
				ENABLE_NS_ASSERTIONS = NO;
				ENABLE_STRICT_OBJC_MSGSEND = YES;
				ENABLE_USER_SCRIPT_SANDBOXING = YES;
				GCC_C_LANGUAGE_STANDARD = gnu17;
				GCC_NO_COMMON_BLOCKS = YES;
				GCC_WARN_64_TO_32_BIT_CONVERSION = YES;
				GCC_WARN_ABOUT_RETURN_TYPE = YES_ERROR;
				GCC_WARN_UNDECLARED_SELECTOR = YES;
				GCC_WARN_UNINITIALIZED_AUTOS = YES_AGGRESSIVE;
				GCC_WARN_UNUSED_FUNCTION = YES;
				GCC_WARN_UNUSED_VARIABLE = YES;
				IPHONEOS_DEPLOYMENT_TARGET = 18.2;
				LOCALIZATION_PREFERS_STRING_CATALOGS = YES;
				MTL_ENABLE_DEBUG_INFO = NO;
				MTL_FAST_MATH = YES;
				SDKROOT = iphoneos;
				SWIFT_COMPILATION_MODE = wholemodule;
				VALIDATE_PRODUCT = YES;
			};
			name = Release;
		};
		C32BF7042D22AFF000FDA621 /* Debug */ = {
			isa = XCBuildConfiguration;
			buildSettings = {
				BUNDLE_LOADER = "$(TEST_HOST)";
				CODE_SIGN_STYLE = Automatic;
				CURRENT_PROJECT_VERSION = 1;
				GENERATE_INFOPLIST_FILE = YES;
				IPHONEOS_DEPLOYMENT_TARGET = 18.2;
				MARKETING_VERSION = 1.0;
				PRODUCT_BUNDLE_IDENTIFIER = com.yahya.PassingDataByNotificationCenterTests;
				PRODUCT_NAME = "$(TARGET_NAME)";
				SWIFT_EMIT_LOC_STRINGS = NO;
				SWIFT_VERSION = 5.0;
				TARGETED_DEVICE_FAMILY = "1,2";
				TEST_HOST = "$(BUILT_PRODUCTS_DIR)/PassingDataByNotificationCenter.app/$(BUNDLE_EXECUTABLE_FOLDER_PATH)/PassingDataByNotificationCenter";
			};
			name = Debug;
		};
		C32BF7052D22AFF000FDA621 /* Release */ = {
			isa = XCBuildConfiguration;
			buildSettings = {
				BUNDLE_LOADER = "$(TEST_HOST)";
				CODE_SIGN_STYLE = Automatic;
				CURRENT_PROJECT_VERSION = 1;
				GENERATE_INFOPLIST_FILE = YES;
				IPHONEOS_DEPLOYMENT_TARGET = 18.2;
				MARKETING_VERSION = 1.0;
				PRODUCT_BUNDLE_IDENTIFIER = com.yahya.PassingDataByNotificationCenterTests;
				PRODUCT_NAME = "$(TARGET_NAME)";
				SWIFT_EMIT_LOC_STRINGS = NO;
				SWIFT_VERSION = 5.0;
				TARGETED_DEVICE_FAMILY = "1,2";
				TEST_HOST = "$(BUILT_PRODUCTS_DIR)/PassingDataByNotificationCenter.app/$(BUNDLE_EXECUTABLE_FOLDER_PATH)/PassingDataByNotificationCenter";
			};
			name = Release;
		};
		C32BF7072D22AFF000FDA621 /* Debug */ = {
			isa = XCBuildConfiguration;
			buildSettings = {
				CODE_SIGN_STYLE = Automatic;
				CURRENT_PROJECT_VERSION = 1;
				GENERATE_INFOPLIST_FILE = YES;
				MARKETING_VERSION = 1.0;
				PRODUCT_BUNDLE_IDENTIFIER = com.yahya.PassingDataByNotificationCenterUITests;
				PRODUCT_NAME = "$(TARGET_NAME)";
				SWIFT_EMIT_LOC_STRINGS = NO;
				SWIFT_VERSION = 5.0;
				TARGETED_DEVICE_FAMILY = "1,2";
				TEST_TARGET_NAME = PassingDataByNotificationCenter;
			};
			name = Debug;
		};
		C32BF7082D22AFF000FDA621 /* Release */ = {
			isa = XCBuildConfiguration;
			buildSettings = {
				CODE_SIGN_STYLE = Automatic;
				CURRENT_PROJECT_VERSION = 1;
				GENERATE_INFOPLIST_FILE = YES;
				MARKETING_VERSION = 1.0;
				PRODUCT_BUNDLE_IDENTIFIER = com.yahya.PassingDataByNotificationCenterUITests;
				PRODUCT_NAME = "$(TARGET_NAME)";
				SWIFT_EMIT_LOC_STRINGS = NO;
				SWIFT_VERSION = 5.0;
				TARGETED_DEVICE_FAMILY = "1,2";
				TEST_TARGET_NAME = PassingDataByNotificationCenter;
			};
			name = Release;
		};
/* End XCBuildConfiguration section */

/* Begin XCConfigurationList section */
		C32BF6D02D22AFEE00FDA621 /* Build configuration list for PBXProject "PassingDataByNotificationCenter" */ = {
			isa = XCConfigurationList;
			buildConfigurations = (
				C32BF7012D22AFF000FDA621 /* Debug */,
				C32BF7022D22AFF000FDA621 /* Release */,
			);
			defaultConfigurationIsVisible = 0;
			defaultConfigurationName = Release;
		};
		C32BF6FE2D22AFF000FDA621 /* Build configuration list for PBXNativeTarget "PassingDataByNotificationCenter" */ = {
			isa = XCConfigurationList;
			buildConfigurations = (
				C32BF6FF2D22AFF000FDA621 /* Debug */,
				C32BF7002D22AFF000FDA621 /* Release */,
			);
			defaultConfigurationIsVisible = 0;
			defaultConfigurationName = Release;
		};
		C32BF7032D22AFF000FDA621 /* Build configuration list for PBXNativeTarget "PassingDataByNotificationCenterTests" */ = {
			isa = XCConfigurationList;
			buildConfigurations = (
				C32BF7042D22AFF000FDA621 /* Debug */,
				C32BF7052D22AFF000FDA621 /* Release */,
			);
			defaultConfigurationIsVisible = 0;
			defaultConfigurationName = Release;
		};
		C32BF7062D22AFF000FDA621 /* Build configuration list for PBXNativeTarget "PassingDataByNotificationCenterUITests" */ = {
			isa = XCConfigurationList;
			buildConfigurations = (
				C32BF7072D22AFF000FDA621 /* Debug */,
				C32BF7082D22AFF000FDA621 /* Release */,
			);
			defaultConfigurationIsVisible = 0;
			defaultConfigurationName = Release;
		};
/* End XCConfigurationList section */
	};
	rootObject = C32BF6CD2D22AFEE00FDA621 /* Project object */;
}
